%{"entice_entity": {:git, "git://github.com/entice/entity.git", "abd47e4bf5cc97d69c0c332d9559c63718348c0e", [ref: "abd47e4bf5cc97d69c0c332d9559c63718348c0e"]},
  "entice_skill": {:git, "git://github.com/entice/skill.git", "7fca03ba881edc53c65db8fb2703f69b3cba3acd", [ref: "7fca03ba881edc53c65db8fb2703f69b3cba3acd"]},
  "entice_utils": {:git, "git://github.com/entice/utils.git", "45fa9369284f92857c4436251a6b995c5d014680", [ref: "45fa9369284f92857c4436251a6b995c5d014680"]},
  "inflex": {:hex, :inflex, "1.0.0"},
  "uuid": {:hex, :uuid, "1.0.0"}}
