%{"entice_entity": {:git, "git://github.com/entice/entity.git", "69f396a632220c7e91c7a1b40cf951ce7594f927", [ref: "69f396a632220c7e91c7a1b40cf951ce7594f927"]},
  "entice_utils": {:git, "git://github.com/entice/utils.git", "6808d173dadec1c38dd84ff449d8700669f8fb68", [ref: "6808d173dadec1c38dd84ff449d8700669f8fb68"]},
  "inflex": {:hex, :inflex, "0.2.9"},
  "uuid": {:hex, :uuid, "0.1.5"}}
